
Microsoft Visual Studio Solution File, Format Version 12.00
# Visual Studio Version 16
VisualStudioVersion = 16.0.31829.152
MinimumVisualStudioVersion = 10.0.40219.1
Project("{FAE04EC0-301F-11D3-BF4B-00C04F79EFBC}") = "MCD_CheckBoxListInceleme", "MCD_CheckBoxListInceleme\MCD_CheckBoxListInceleme.csproj", "{315BA3F5-A503-4C8D-B003-095048C33B5A}"
EndProject
Global
	GlobalSection(SolutionConfigurationPlatforms) = preSolution
		Debug|Any CPU = Debug|Any CPU
		Release|Any CPU = Release|Any CPU
	EndGlobalSection
	GlobalSection(ProjectConfigurationPlatforms) = postSolution
		{315BA3F5-A503-4C8D-B003-095048C33B5A}.Debug|Any CPU.ActiveCfg = Debug|Any CPU
		{315BA3F5-A503-4C8D-B003-095048C33B5A}.Debug|Any CPU.Build.0 = Debug|Any CPU
		{315BA3F5-A503-4C8D-B003-095048C33B5A}.Release|Any CPU.ActiveCfg = Release|Any CPU
		{315BA3F5-A503-4C8D-B003-095048C33B5A}.Release|Any CPU.Build.0 = Release|Any CPU
	EndGlobalSection
	GlobalSection(SolutionProperties) = preSolution
		HideSolutionNode = FALSE
	EndGlobalSection
	GlobalSection(ExtensibilityGlobals) = postSolution
		SolutionGuid = {E2B1FCE2-6617-4C3A-937A-F253C3B08904}
	EndGlobalSection
EndGlobal
